github.com/cryptosuite/kyber-go v0.0.0-20200701012546-a87ecb4b2ce3/go.mod h1:1G0Jh7bXJGSUCTrC6ZB9lFpmCF+VFQehDqIwm9dJU3s=
github.com/cryptosuite/kyber-go v0.0.2-alpha h1:JHvNqZho24qJq7c4JnyKGtyQuF03VOeEH7TcsKk8yZc=
github.com/cryptosuite/kyber-go v0.0.2-alpha/go.mod h1:1G0Jh7bXJGSUCTrC6ZB9lFpmCF+VFQehDqIwm9dJU3s=
github.com/cryptosuite/liboqs-go v0.9.5-alpha h1:mmCyD1gZRnm6sD214ylg0h17I37BmY8wDDbcvpW4fDc=
github.com/cryptosuite/liboqs-go v0.9.5-alpha/go.mod h1:LzuvuQAJHbED51lHoYr91rBbKRdv2MewGcVCwjE1JCk=
github.com/cryptosuite/salrs-go v0.0.0-20200918155434-c02eea3b36d1 h1:vN3Cibtye7f3YuPvrJWG4Kp/jrb/XfxS5oIwl8XZBQY=
github.com/cryptosuite/salrs-go v0.0.0-20200918155434-c02eea3b36d1/go.mod h1:mJeCa86eOqj3kCJO+O4245Wnq5U07P9K9RfJplI8bQ4=
github.com/edsrzf/mmap-go v1.1.0 h1:6EUwBLQ/Mcr1EYLE4Tn1VdW1A4ckqCQWZBw8Hr0kjpQ=
github.com/edsrzf/mmap-go v1.1.0/go.mod h1:19H/e8pUPLicwkyNgOykDXkJ9F0MHE+Z52B8EIth78Q=
github.com/golang/protobuf v1.5.0/go.mod h1:FsONVRAS9T7sI+LIUmWTfcYkHO4aIWwzhcaSAoJOfIk=
github.com/google/go-cmp v0.5.5 h1:Khx7svrCpmxxtHBq5j2mp/xVjsi8hQMfNLvJFAlrGgU=
github.com/google/go-cmp v0.5.5/go.mod h1:v8dTdLbMG2kIc/vJvl+f65V22dbkXbowE6jgT/gNBxE=
github.com/hashicorp/golang-lru v0.5.4 h1:YDjusn29QI/Das2iO9M0BHnIbxPeyuCHsjMW+lJfyTc=
github.com/hashicorp/golang-lru v0.5.4/go.mod h1:iADmTwqILo4mZ8BN3D2Q6+9jd8WM5uGBxy+E8yxSoD4=
github.com/pqabelian/abec v0.13.0 h1:IzQal80wi7Of3hWZzf3R2YmzU1Uv6nCAf3nTdRrh668=
github.com/pqabelian/abec v0.13.0/go.mod h1:kmUBSI6+QYWOxZRf9GcwURtgRV48ksgfffGek9/zXns=
github.com/pqabelian/abelian-sdk-go v0.0.0-20240531143929-ce58f5c4a71a h1:v+mqli2I1L1phuJ394Lfh/qWagZYJt+rG6DhAIUqeJY=
github.com/pqabelian/abelian-sdk-go v0.0.0-20240531143929-ce58f5c4a71a/go.mod h1:TBrDJEl5CnRl2d6mgp9+Bjq2F5gD7gCNT/d6rWipPys=
github.com/pqabelian/abeutil v0.0.0-20231107022913-d6d3bf295938 h1:zONjJzpgNvAqNFzFQjL6nhSaclegMdFLFLMwrImwxNM=
github.com/pqabelian/abeutil v0.0.0-20231107022913-d6d3bf295938/go.mod h1:kZhOujT1b8QyruSMsG1gAlFmoWBU4lqsbC5j9+FrKxQ=
github.com/pqabelian/pqringct v0.0.0-20231107022351-feb587470e43 h1:G2jh3ZXjPw9rkzNoyPknv35bgOMHy0V/fR+10lorXCI=
github.com/pqabelian/pqringct v0.0.0-20231107022351-feb587470e43/go.mod h1:27zZcwOIf+Jc6+tAfcVJ+VqNY5GzhLn+D5+Vq+u+Ww0=
golang.org/x/crypto v0.0.0-20190308221718-c2843e01d9a2/go.mod h1:djNgcEr1/C05ACkg1iLfiJU5Ep61QUkGW8qpdssI0+w=
golang.org/x/crypto v0.0.0-20200622213623-75b288015ac9/go.mod h1:LzIPMQfyMNhhGPhUkYOs5KpL4U8rLKemX1yGLhDgUto=
golang.org/x/crypto v0.1.0 h1:MDRAIl0xIo9Io2xV565hzXHw3zVseKrJKodhohM5CjU=
golang.org/x/crypto v0.1.0/go.mod h1:RecgLatLF4+eUMCP1PoPZQb+cVrJcOPbHkTkbkB9sbw=
golang.org/x/net v0.0.0-20190404232315-eb5bcb51f2a3/go.mod h1:t9HGtf8HONx5eT2rtn7q6eTqICYqUVnKs3thJo3Qplg=
golang.org/x/sys v0.0.0-20190215142949-d0b11bdaac8a/go.mod h1:STP8DvDyc/dI5b8T5hshtkjS+E42TnysNCUPdjciGhY=
golang.org/x/sys v0.0.0-20190412213103-97732733099d/go.mod h1:h1NjWce9XRLGQEsW7wpKNCjG9DtNlClVuFLEZdDNbEs=
golang.org/x/sys v0.10.0 h1:SqMFp9UcQJZa+pmYuAKjd9xq1f0j5rLcDIk0mj4qAsA=
golang.org/x/sys v0.10.0/go.mod h1:oPkhp1MJrh7nUepCBck5+mAzfO9JrbApNNgaTdGDITg=
golang.org/x/text v0.3.0/go.mod h1:NqM8EUOU14njkJ3fqMW+pc6Ldnwhi/IjpwHt7yyuwOQ=
golang.org/x/xerrors v0.0.0-20191204190536-9bdfabe68543 h1:E7g+9GITq07hpfrRu66IVDexMakfv52eLZ2CXBWiKr4=
golang.org/x/xerrors v0.0.0-20191204190536-9bdfabe68543/go.mod h1:I/5z698sn9Ka8TeJc9MKroUUfqBBauWjQqLJ2OPfmY0=
google.golang.org/protobuf v1.26.0-rc.1/go.mod h1:jlhhOSvTdKEhbULTjvd4ARK9grFBp09yW+WbY/TyQbw=
google.golang.org/protobuf v1.31.0 h1:g0LDEJHgrBl9N9r17Ru3sqWhkIx2NB67okBHPwC7hs8=
google.golang.org/protobuf v1.31.0/go.mod h1:HV8QOd/L58Z+nl8r43ehVNZIU/HEI6OcFqwMG9pJV4I=
